
Microsoft Visual Studio Solution File, Format Version 12.00
# Visual Studio Version 17
VisualStudioVersion = 17.5.002.0
MinimumVisualStudioVersion = 10.0.40219.1
Project("{9A19103F-16F7-4668-BE54-9A1E7A4F7556}") = "goodreads", "goodreads.csproj", "{ECB2A03A-9DB4-4AA8-8648-7AD89001BB14}"
EndProject
Global
	GlobalSection(SolutionConfigurationPlatforms) = preSolution
		Debug|Any CPU = Debug|Any CPU
		Release|Any CPU = Release|Any CPU
	EndGlobalSection
	GlobalSection(ProjectConfigurationPlatforms) = postSolution
		{ECB2A03A-9DB4-4AA8-8648-7AD89001BB14}.Debug|Any CPU.ActiveCfg = Debug|Any CPU
		{ECB2A03A-9DB4-4AA8-8648-7AD89001BB14}.Debug|Any CPU.Build.0 = Debug|Any CPU
		{ECB2A03A-9DB4-4AA8-8648-7AD89001BB14}.Release|Any CPU.ActiveCfg = Release|Any CPU
		{ECB2A03A-9DB4-4AA8-8648-7AD89001BB14}.Release|Any CPU.Build.0 = Release|Any CPU
	EndGlobalSection
	GlobalSection(SolutionProperties) = preSolution
		HideSolutionNode = FALSE
	EndGlobalSection
	GlobalSection(ExtensibilityGlobals) = postSolution
		SolutionGuid = {DE469F73-BFDD-4679-A311-F3ADBC6919E8}
	EndGlobalSection
EndGlobal
